speakeasyVersion: 1.487.1
sources:
    mintlify:
        sourceNamespace: mintlify
        sourceRevisionDigest: sha256:56e9307183387e6a6ac823ef7bb306208c48855af2ef685db32857f09c3eee4e
        sourceBlobDigest: sha256:1d518e948e64544f23a3cb75422e5f0c4a5f0e27688f8c786038a0060f7a1938
        tags:
            - latest
            - 0.1.0
targets: {}
workflow:
    workflowVersion: 1.0.0
    speakeasyVersion: latest
    sources:
        mintlify:
            inputs:
                - location: https://spec.speakeasy.com/polar/polar/polar-oas-with-code-samples
            output: openapi.yaml
            registry:
                location: registry.speakeasyapi.dev/polar/polar/mintlify
    targets: {}
