version = 1
revision = 3
requires-python = ">=3.11"

[[package]]
name = "adaptix"
version = "3.0.0b12"
source = { registry = "https://pypi.org/simple" }
sdist = { url = "https://files.pythonhosted.org/packages/5d/82/aa17eb2968cf7c78caf4915ca62397214f196dc1bef07e4d81bfb4c4abc5/adaptix-3.0.0b12.tar.gz", hash = "sha256:906053a39ff509f0aa4ca9faa07dffa205bd90fa41d9774cd849d3454565b0ea", size = 128634, upload-time = "2026-04-04T17:31:01.084Z" }
wheels = [
    { url = "https://files.pythonhosted.org/packages/11/66/abcca849b17e4a3adf5116e58c51471f37264a190cee2c67f1ba57782a7f/adaptix-3.0.0b12-py3-none-any.whl", hash = "sha256:8156f0549b96fcd193d13efca7bfbda39b3d6389085556d930e204c09f9ae6ed", size = 188651, upload-time = "2026-04-04T17:30:59.17Z" },
]

[[package]]
name = "anyio"
version = "4.14.0"
source = { registry = "https://pypi.org/simple" }
dependencies = [
    { name = "idna" },
    { name = "typing-extensions", marker = "python_full_version < '3.13'" },
]
sdist = { url = "https://files.pythonhosted.org/packages/1c/b5/001890774a9552aff22502b8da382593109ce0c95314abaebbb116567545/anyio-4.14.0.tar.gz", hash = "sha256:b47c1f9ccf73e67021df785332508f99379c68fa7d0684e8e3492cb1d4b23f89", size = 253586, upload-time = "2026-06-15T22:00:49.021Z" }
wheels = [
    { url = "https://files.pythonhosted.org/packages/ba/16/9826f089383c593cdfc4a6e5aca94d9e91ae1692c57af82c3b2aa5e810f7/anyio-4.14.0-py3-none-any.whl", hash = "sha256:dd9b7a2a9799ed6552fde617b2c5df02b7fdd7d88392fc48101e51bae46164d9", size = 123506, upload-time = "2026-06-15T22:00:47.595Z" },
]

[[package]]
name = "certifi"
version = "2026.6.17"
source = { registry = "https://pypi.org/simple" }
sdist = { url = "https://files.pythonhosted.org/packages/c9/c7/424b75da314c1045981bd9777432fad05a9e0c69daa4ed7e308bbaffe405/certifi-2026.6.17.tar.gz", hash = "sha256:024c88eeec92ca068db80f02b8b07c9cef7b9fe261d1d535abfd5abd6f6af432", size = 134594, upload-time = "2026-06-17T10:31:07.894Z" }
wheels = [
    { url = "https://files.pythonhosted.org/packages/ef/2f/c5464532e965badff2f4c4c1a3a83f5697f0d7c407ed0cda44aaa99bb451/certifi-2026.6.17-py3-none-any.whl", hash = "sha256:2227dcbaafe0d2f59279d1762ddddc37783ed4354594f194ffc31d20f41fc3db", size = 133289, upload-time = "2026-06-17T10:31:06.348Z" },
]

[[package]]
name = "h11"
version = "0.16.0"
source = { registry = "https://pypi.org/simple" }
sdist = { url = "https://files.pythonhosted.org/packages/01/ee/02a2c011bdab74c6fb3c75474d40b3052059d95df7e73351460c8588d963/h11-0.16.0.tar.gz", hash = "sha256:4e35b956cf45792e4caa5885e69fba00bdbc6ffafbfa020300e549b208ee5ff1", size = 101250, upload-time = "2025-04-24T03:35:25.427Z" }
wheels = [
    { url = "https://files.pythonhosted.org/packages/04/4b/29cac41a4d98d144bf5f6d33995617b185d14b22401f75ca86f384e87ff1/h11-0.16.0-py3-none-any.whl", hash = "sha256:63cf8bbe7522de3bf65932fda1d9c2772064ffb3dae62d55932da54b31cb6c86", size = 37515, upload-time = "2025-04-24T03:35:24.344Z" },
]

[[package]]
name = "httpcore"
version = "1.0.9"
source = { registry = "https://pypi.org/simple" }
dependencies = [
    { name = "certifi" },
    { name = "h11" },
]
sdist = { url = "https://files.pythonhosted.org/packages/06/94/82699a10bca87a5556c9c59b5963f2d039dbd239f25bc2a63907a05a14cb/httpcore-1.0.9.tar.gz", hash = "sha256:6e34463af53fd2ab5d807f399a9b45ea31c3dfa2276f15a2c3f00afff6e176e8", size = 85484, upload-time = "2025-04-24T22:06:22.219Z" }
wheels = [
    { url = "https://files.pythonhosted.org/packages/7e/f5/f66802a942d491edb555dd61e3a9961140fd64c90bce1eafd741609d334d/httpcore-1.0.9-py3-none-any.whl", hash = "sha256:2d400746a40668fc9dec9810239072b40b4484b640a8c38fd654a024c7a1bf55", size = 78784, upload-time = "2025-04-24T22:06:20.566Z" },
]

[[package]]
name = "httpx"
version = "0.28.1"
source = { registry = "https://pypi.org/simple" }
dependencies = [
    { name = "anyio" },
    { name = "certifi" },
    { name = "httpcore" },
    { name = "idna" },
]
sdist = { url = "https://files.pythonhosted.org/packages/b1/df/48c586a5fe32a0f01324ee087459e112ebb7224f646c0b5023f5e79e9956/httpx-0.28.1.tar.gz", hash = "sha256:75e98c5f16b0f35b567856f597f06ff2270a374470a5c2392242528e3e3e42fc", size = 141406, upload-time = "2024-12-06T15:37:23.222Z" }
wheels = [
    { url = "https://files.pythonhosted.org/packages/2a/39/e50c7c3a983047577ee07d2a9e53faf5a69493943ec3f6a384bdc792deb2/httpx-0.28.1-py3-none-any.whl", hash = "sha256:d909fcccc110f8c7faf814ca82a9a4d816bc5a6dbfea25d6591d6985b8ba59ad", size = 73517, upload-time = "2024-12-06T15:37:21.509Z" },
]

[[package]]
name = "idna"
version = "3.18"
source = { registry = "https://pypi.org/simple" }
sdist = { url = "https://files.pythonhosted.org/packages/cd/63/9496c57188a2ee585e0f1db071d75089a11e98aa86eb99d9d7618fc1edce/idna-3.18.tar.gz", hash = "sha256:ffb385a7e039654cef1ab9ef32c6fafe283c0c0467bba1d9029738ce4a14a848", size = 196711, upload-time = "2026-06-02T14:34:07.794Z" }
wheels = [
    { url = "https://files.pythonhosted.org/packages/1e/5e/d4e9f1a599fb8e573b7b87160658329fbf28d19eac2718f51fc3def3aa5a/idna-3.18-py3-none-any.whl", hash = "sha256:7f952cbe720b688055e3f87de14f5c3e5fdaa8bc3928985c4077ca689de849a2", size = 65455, upload-time = "2026-06-02T14:34:06.319Z" },
]

[[package]]
name = "polar-sdk"
source = { editable = "." }
dependencies = [
    { name = "adaptix" },
    { name = "httpx" },
]

[package.dev-dependencies]
dev = [
    { name = "ruff" },
    { name = "ty" },
]

[package.metadata]
requires-dist = [
    { name = "adaptix", specifier = "==3.0.0b12" },
    { name = "httpx", specifier = ">=0.28.1" },
]

[package.metadata.requires-dev]
dev = [
    { name = "ruff" },
    { name = "ty" },
]

[[package]]
name = "ruff"
version = "0.15.18"
source = { registry = "https://pypi.org/simple" }
sdist = { url = "https://files.pythonhosted.org/packages/74/98/1295ad5a5aa9bc85bdcdfa5d82fe7b49c61af5657df4f227637ff9de0da6/ruff-0.15.18.tar.gz", hash = "sha256:2698a964c70e8bf402dcb99c8810472d270d141e7aa8c4e13599fd52033a2f33", size = 4761437, upload-time = "2026-06-18T18:25:39.224Z" }
wheels = [
    { url = "https://files.pythonhosted.org/packages/b9/d0/686e984941269621e2be72612d5c1e461f8f7b38415a2a7d7a81c8ae6715/ruff-0.15.18-py3-none-linux_armv6l.whl", hash = "sha256:8b6850172348c8381b8b3084c5915a4393c2373b9b54cd5b5e1ea15812bc10df", size = 10887308, upload-time = "2026-06-18T18:25:03.062Z" },
    { url = "https://files.pythonhosted.org/packages/ed/21/bc4123e3f5515ee99f8ce1eb93a14a0628fe4d1678663cd08f933ac16931/ruff-0.15.18-py3-none-macosx_10_12_x86_64.whl", hash = "sha256:3fccc153a85417dcd976883160cacce486997b0a0058dd18f54b8aaaac7d1ce2", size = 11281305, upload-time = "2026-06-18T18:25:30.026Z" },
    { url = "https://files.pythonhosted.org/packages/51/93/4769464c25cf7ab2acb3c7dda9cad3d867eb41c59565b3e2a9d17249c90c/ruff-0.15.18-py3-none-macosx_11_0_arm64.whl", hash = "sha256:08d4c86a68f2c3ec2c9d56380a71fb4a4f65373055cbb8caabd645e9102f38d4", size = 10641215, upload-time = "2026-06-18T18:25:15.802Z" },
    { url = "https://files.pythonhosted.org/packages/6c/42/56926d17120db2c208d76bf60a1a019644dd9e91dc27f0f95c9caddb1366/ruff-0.15.18-py3-none-manylinux_2_17_aarch64.manylinux2014_aarch64.whl", hash = "sha256:37e5108745c2c0705da916d7d4de533ddf547051ef45f62888c31bae73f66318", size = 10957224, upload-time = "2026-06-18T18:25:36.955Z" },
    { url = "https://files.pythonhosted.org/packages/22/4f/d43fab8d8189afde803103022d000a8ef9f230616d436d52a8b2b8d63b50/ruff-0.15.18-py3-none-manylinux_2_17_armv7l.manylinux2014_armv7l.whl", hash = "sha256:56949a6ce8b3abde54c0bcb22cebfe57e8771cadc84b407ae8b8eaf67ebdcd43", size = 10699024, upload-time = "2026-06-18T18:25:05.707Z" },
    { url = "https://files.pythonhosted.org/packages/63/42/1e3e4c68bd408b9768cf3e439acbe2c78245225faef253f7028a0cdb63e0/ruff-0.15.18-py3-none-manylinux_2_17_i686.manylinux2014_i686.whl", hash = "sha256:01a754cd6a1b630d3f97e33eb452cf7a98040482318e870f8bc52a5a30e62657", size = 11491458, upload-time = "2026-06-18T18:25:20.275Z" },
    { url = "https://files.pythonhosted.org/packages/20/77/47a3484bea8521e14a203d98c389c5c97846675e4f02734672da4a69b52a/ruff-0.15.18-py3-none-manylinux_2_17_ppc64le.manylinux2014_ppc64le.whl", hash = "sha256:6ba7a07e03a44dbf10bb086ee06705b173625014ec99f73a7e6836a5e5590a0c", size = 12383752, upload-time = "2026-06-18T18:25:22.535Z" },
    { url = "https://files.pythonhosted.org/packages/0a/ca/054159590787023d83b658a1a1819c4c8910114e7015069340b71c0961cb/ruff-0.15.18-py3-none-manylinux_2_17_s390x.manylinux2014_s390x.whl", hash = "sha256:5a2c40a41a4cadbcf5897b548ab29dfe248b20c540961c0247d98a3973c70403", size = 11577923, upload-time = "2026-06-18T18:25:10.702Z" },
    { url = "https://files.pythonhosted.org/packages/6d/ff/d353d6b7bbd73cc0ec37f4463d7540e45e894338abdd9964eee0de332708/ruff-0.15.18-py3-none-manylinux_2_17_x86_64.manylinux2014_x86_64.whl", hash = "sha256:5f0480ce690cbb6c4db6e5d08f19fce98e10ba131a8b60c1bcdac42771e3ae2d", size = 11583925, upload-time = "2026-06-18T18:25:32.391Z" },
    { url = "https://files.pythonhosted.org/packages/c1/4a/891f89b9c296ed3e5f3ece1a5629badc989d9a8fdaa30431aaf4774bc1c2/ruff-0.15.18-py3-none-manylinux_2_31_riscv64.whl", hash = "sha256:2330215f1f393fa8733f55edce04fcf94c36a2c460fcde31f78cc84e4951e9b1", size = 11582834, upload-time = "2026-06-18T18:25:27.309Z" },
    { url = "https://files.pythonhosted.org/packages/32/a3/ed9e370154bf85de360b93c03026157f02d4943b2d01ff4945f4429f8e8a/ruff-0.15.18-py3-none-musllinux_1_2_aarch64.whl", hash = "sha256:a6aa6a3d979e48ae617578183674bf264fbe7d0114a796a26bd678d67963c7ff", size = 10927328, upload-time = "2026-06-18T18:25:34.676Z" },
    { url = "https://files.pythonhosted.org/packages/f5/d1/5cf5909329fedb5d39d555ee818ba5cf4638e1a301b89785d34f2905bfcb/ruff-0.15.18-py3-none-musllinux_1_2_armv7l.whl", hash = "sha256:a81beadbbff2c9c245561ae3f77b16709d87f35eec650d0501679239d3449b22", size = 10693187, upload-time = "2026-06-18T18:25:08.245Z" },
    { url = "https://files.pythonhosted.org/packages/fd/44/ff6c635cf2c4f4e7b618b6640da057376baa36014695487d88aed4794268/ruff-0.15.18-py3-none-musllinux_1_2_i686.whl", hash = "sha256:2186d9e940ae332ab293623a75b5f4fe49565f449954d50a72a046683aa6b809", size = 11208721, upload-time = "2026-06-18T18:25:41.327Z" },
    { url = "https://files.pythonhosted.org/packages/88/d9/5baa2a30861adfb7022cf33c1e35b2fc18085b08c16f83eff4c7b99a5f48/ruff-0.15.18-py3-none-musllinux_1_2_x86_64.whl", hash = "sha256:5c2abf140438032bc77b2284a6c9944ecd8a19e5f1c7b52b1b8e4a0a80d19a7a", size = 11678599, upload-time = "2026-06-18T18:25:13.607Z" },
    { url = "https://files.pythonhosted.org/packages/c3/1a/0725a7cfdc32ff769efb96ee782bec882e16448c5d9e3be947ec4c04ce27/ruff-0.15.18-py3-none-win32.whl", hash = "sha256:02299e6e9fa5b297a3f6d5d10d7bcd655c925b028bb8b9d4588214549c6b9ec4", size = 10901903, upload-time = "2026-06-18T18:25:24.755Z" },
    { url = "https://files.pythonhosted.org/packages/f3/51/805d9f6fb7970505c3504794a5ec350f605361b807fef4dcf214ebd35e72/ruff-0.15.18-py3-none-win_amd64.whl", hash = "sha256:dac80dc8d26b2257dbefabed62f5d255c3937b4ccb122da1fc634794fa3578b3", size = 12041189, upload-time = "2026-06-18T18:25:17.915Z" },
    { url = "https://files.pythonhosted.org/packages/29/4c/67bb45e41609eb4726f1bfeb59e083cf91d14c696d4bd14c234a980be93d/ruff-0.15.18-py3-none-win_arm64.whl", hash = "sha256:b2c9257fcbd4a3e5b977a1904e6facca016bafe2edc17df24db67cfaee03b4e4", size = 11329958, upload-time = "2026-06-18T18:25:43.686Z" },
]

[[package]]
name = "ty"
version = "0.0.51"
source = { registry = "https://pypi.org/simple" }
sdist = { url = "https://files.pythonhosted.org/packages/7e/ce/352fcdba5c72ea20e5d2e46e28809cdb617575b71209d971eff2ace8e6c4/ty-0.0.51.tar.gz", hash = "sha256:b90172d46365bb9d51a7011cbb5c60cc4f514f42c86635df6c092b717f85e1ac", size = 5953151, upload-time = "2026-06-19T01:48:58.015Z" }
wheels = [
    { url = "https://files.pythonhosted.org/packages/2b/8f/8fe7cab79a45320b2cdcd602f16d44c8108d2f418ff7ec316c6212f1f0cc/ty-0.0.51-py3-none-linux_armv6l.whl", hash = "sha256:947986bd82d324b3a5c58ce03f1dad160cdf36443d3e8f64b3484b861ba9bc64", size = 11884805, upload-time = "2026-06-19T01:48:20.184Z" },
    { url = "https://files.pythonhosted.org/packages/fa/b4/56fdc39a3f44c0564fd157e1e59e1f9c3fc5ba57ae4472ded85c67c63d74/ty-0.0.51-py3-none-macosx_10_12_x86_64.whl", hash = "sha256:25a5b31e6f23fd5dc63ad29087ded09932409e4154e2fe07bbaed015035990bb", size = 11633593, upload-time = "2026-06-19T01:48:22.998Z" },
    { url = "https://files.pythonhosted.org/packages/33/57/136e83f24fc04f5afdcabff42f40fa27eae5ac3f0e3f12627d072a55f679/ty-0.0.51-py3-none-macosx_11_0_arm64.whl", hash = "sha256:2faed19a8f1505370de071c008df52a994fc03a204f3267c3a33a32ca26f854f", size = 11063076, upload-time = "2026-06-19T01:48:25.223Z" },
    { url = "https://files.pythonhosted.org/packages/32/f8/5d32f0df5692446440ab781b9b119aa3e0c0dbfa78c583fe9be8417d54fa/ty-0.0.51-py3-none-manylinux_2_17_aarch64.manylinux2014_aarch64.whl", hash = "sha256:08adbe53fb8bc9e7f00e89bf1d3c875a02cda76d83f109d2e6ab1ff35a7bfa8c", size = 11579542, upload-time = "2026-06-19T01:48:27.302Z" },
    { url = "https://files.pythonhosted.org/packages/7f/0c/4f54ef338e9623886809ecd508931b0cd5b3aba1e591586a2f6aeaa8bd11/ty-0.0.51-py3-none-manylinux_2_17_armv7l.manylinux2014_armv7l.whl", hash = "sha256:dc5e93695ab5dcbf1eef663aee60ec23a413547cc9cb06adcb0d842e9166bd0f", size = 11676189, upload-time = "2026-06-19T01:48:29.518Z" },
    { url = "https://files.pythonhosted.org/packages/56/27/31729066f9b9d3596941edaf267894eefc0b30df4518f003dba5f7276258/ty-0.0.51-py3-none-manylinux_2_17_i686.manylinux2014_i686.whl", hash = "sha256:abd92913bc90d1705ef9391ff8c6822b61e2e827fa295eb30bf0dfabcf815645", size = 12188154, upload-time = "2026-06-19T01:48:31.68Z" },
    { url = "https://files.pythonhosted.org/packages/2f/38/d4301aa12d2283c7130908baf1417a37dfe3e10f5669cb4ce2853c2540b4/ty-0.0.51-py3-none-manylinux_2_17_ppc64le.manylinux2014_ppc64le.whl", hash = "sha256:429a997394dac73870d71b87cc90efc54da3efaf319e72ca18aeef35a78aef90", size = 12780597, upload-time = "2026-06-19T01:48:33.839Z" },
    { url = "https://files.pythonhosted.org/packages/c1/52/4b2e67e53f126d39abe201bd2299e467e27463a284e965ad195cbc217fa0/ty-0.0.51-py3-none-manylinux_2_17_s390x.manylinux2014_s390x.whl", hash = "sha256:62d94f06e8c317e89b6884f2bde443040e596b88c7c79bd944c84c105b06257a", size = 12491115, upload-time = "2026-06-19T01:48:36.169Z" },
    { url = "https://files.pythonhosted.org/packages/74/50/aabfe55c132ebe72b4d639cbf772d931e11b0990d29c1f691922b6ccabc1/ty-0.0.51-py3-none-manylinux_2_17_x86_64.manylinux2014_x86_64.whl", hash = "sha256:f8f52952cff665bc52a36147e610c10f5699d30007d7a14ab7f345cff93476ff", size = 12230135, upload-time = "2026-06-19T01:48:38.445Z" },
    { url = "https://files.pythonhosted.org/packages/0d/1b/9aa428052dbed91c50919cd080426a313cf20ce14c6bfe2b71345e548671/ty-0.0.51-py3-none-manylinux_2_31_riscv64.whl", hash = "sha256:c1bd1355aee86af01e4e21b0bc16fc460fb05905761f0d8b8d70841de0feade8", size = 12468123, upload-time = "2026-06-19T01:48:40.47Z" },
    { url = "https://files.pythonhosted.org/packages/0b/5a/f6ce69f2575259386c950c40e02578d0902760cb61f95045e9971182c24e/ty-0.0.51-py3-none-musllinux_1_2_aarch64.whl", hash = "sha256:79d1877e93460f936bc10ed1a31525702b7ce51075763ccba993be17f0b9e905", size = 11541672, upload-time = "2026-06-19T01:48:42.635Z" },
    { url = "https://files.pythonhosted.org/packages/35/3a/2af48924a683e959e95e5cc4dc88e5a8595206a0812b869032b95196f2b0/ty-0.0.51-py3-none-musllinux_1_2_armv7l.whl", hash = "sha256:cc233a6235fb23e2a44b14731a10043e37ba2f30f2c361cf49ad3633c5b9da9c", size = 11694015, upload-time = "2026-06-19T01:48:44.819Z" },
    { url = "https://files.pythonhosted.org/packages/a4/12/899875d8a60b198c8121cb92ce18e18cc072d23ca2130fcdaa176383ef72/ty-0.0.51-py3-none-musllinux_1_2_i686.whl", hash = "sha256:bc7459348a253247bbfb2669a021e614281b86bbea24c36112b8a6e1a2499a16", size = 11832856, upload-time = "2026-06-19T01:48:47.028Z" },
    { url = "https://files.pythonhosted.org/packages/e6/a2/88f681d826d97cc96ef9f6cadd4935f775758944cee07340aa46113bce28/ty-0.0.51-py3-none-musllinux_1_2_x86_64.whl", hash = "sha256:49a21237f6fd1de56beaff0a3e85fe022a09a3401e67e3abec41ce838a5d4d2e", size = 12333449, upload-time = "2026-06-19T01:48:49.091Z" },
    { url = "https://files.pythonhosted.org/packages/f8/61/535a4163b4452c6978c31fedfd7b5803cf3a2253e9455cde350f86638d6a/ty-0.0.51-py3-none-win32.whl", hash = "sha256:61b4b6a003c3ebe53a63a1125c9b6542aa01bc1b6c9a235d01ee328d000d61a9", size = 11177338, upload-time = "2026-06-19T01:48:51.433Z" },
    { url = "https://files.pythonhosted.org/packages/aa/4d/2334fbb74291a20129fa7aaa8f789619ec9b6883b27f997b8baa27e4674f/ty-0.0.51-py3-none-win_amd64.whl", hash = "sha256:608d417cd1eaf79bcbd713d9830d5e3db9d57ec225c3af3e4ac9a9ff66b45d70", size = 12325675, upload-time = "2026-06-19T01:48:53.774Z" },
    { url = "https://files.pythonhosted.org/packages/50/b5/d49096cd5f3694becb86a5a6ccd0f229ead695fc7430d6bc4dd0a104c6fe/ty-0.0.51-py3-none-win_arm64.whl", hash = "sha256:62ced5e380284f12b2dc4802a3e4ed3dac39913fc6719afde7978814a4c7f169", size = 11657350, upload-time = "2026-06-19T01:48:55.904Z" },
]

[[package]]
name = "typing-extensions"
version = "4.15.0"
source = { registry = "https://pypi.org/simple" }
sdist = { url = "https://files.pythonhosted.org/packages/72/94/1a15dd82efb362ac84269196e94cf00f187f7ed21c242792a923cdb1c61f/typing_extensions-4.15.0.tar.gz", hash = "sha256:0cea48d173cc12fa28ecabc3b837ea3cf6f38c6d1136f85cbaaf598984861466", size = 109391, upload-time = "2025-08-25T13:49:26.313Z" }
wheels = [
    { url = "https://files.pythonhosted.org/packages/18/67/36e9267722cc04a6b9f15c7f3441c2363321a3ea07da7ae0c0707beb2a9c/typing_extensions-4.15.0-py3-none-any.whl", hash = "sha256:f0fa19c6845758ab08074a0cfa8b7aecb71c999ca73d62883bc25cc018c4e548", size = 44614, upload-time = "2025-08-25T13:49:24.86Z" },
]
