lockfileVersion: '9.0'

settings:
  autoInstallPeers: true
  excludeLinksFromLockfile: false

importers:

  .:
    devDependencies:
      oxfmt:
        specifier: ^0.56.0
        version: 0.56.0
      oxlint:
        specifier: ^1.71.0
        version: 1.71.0
      tsdown:
        specifier: ^0.22.3
        version: 0.22.3(typescript@6.0.3)
      typescript:
        specifier: ^6.0.3
        version: 6.0.3

packages:

  '@babel/generator@8.0.0':
    resolution: {integrity: sha512-NT9NrVwJsbSV6Y2FSstWa71EETOnzrjkL5/wX3D2mYHtKM+qvqB1DvR4D0Setb/gDBsHzRICifwEWMO8CnTF6g==}
    engines: {node: ^22.18.0 || >=24.11.0}

  '@babel/helper-string-parser@8.0.0':
    resolution: {integrity: sha512-6mJgmFFFIIO82vvoLt9XtRC7/TkzXfts1t/SpRX4IHSzMgqoPYCWesVu1udUPUWioAE/2fcG6WuI8zrkE1gwrg==}
    engines: {node: ^22.18.0 || >=24.11.0}

  '@babel/helper-validator-identifier@8.0.2':
    resolution: {integrity: sha512-9Fr9QeyCAyi1BR1jKZ6uYQ24EIhQUx5ReHfQU7drOE+TPOb+w11/dsqLkMOT2U29OdCT71XajrOT8xDc1C7orA==}
    engines: {node: ^22.18.0 || >=24.11.0}

  '@babel/parser@8.0.0':
    resolution: {integrity: sha512-aLxAE+imI9bCcyaPrUDjBv3uSkWieifjLe0kuFOZF0zli0L6GCsTmsePnTr55adbIAgYz2zhN1vnFimCBUYcRQ==}
    engines: {node: ^22.18.0 || >=24.11.0}
    hasBin: true

  '@babel/types@8.0.0':
    resolution: {integrity: sha512-K8ponJDxBwDHigkeFqaqT5wLGl4bTlwMafR8k7b5CPxr6Ww+UG9ls8Yx6Tcpboxu97eeGVEEyKcHmEyOwN1vSw==}
    engines: {node: ^22.18.0 || >=24.11.0}

  '@emnapi/core@1.11.1':
    resolution: {integrity: sha512-RSvbQmHzdKzNsLYa/wHrbc3KN4sYLKAdPZxqiM2HATqv/SBk2/ENSHpvXGaLOMcsAyz0poEGqkmmKYG3OWiJEQ==}

  '@emnapi/runtime@1.11.1':
    resolution: {integrity: sha512-vgj7R3y3Wgx24IQaGPA/R6YFXLHVMOZ0uVEyIQPaWs+rd1AzfEMXlAC22FYwO1XkKR6NPsq7mUandH8oIRdZFw==}

  '@emnapi/wasi-threads@1.2.2':
    resolution: {integrity: sha512-c95qOXkHdydNKhscBTebqEC1CVAZpyqOfVfBzQ1qgzyl3gfeldUjIggDbIZgDKsHLgnsM+igH7TJ/eAasaVuMA==}

  '@jridgewell/gen-mapping@0.3.13':
    resolution: {integrity: sha512-2kkt/7niJ6MgEPxF0bYdQ6etZaA+fQvDcLKckhy1yIQOzaoKjBBjSj63/aLVjYE3qhRt5dvM+uUyfCg6UKCBbA==}

  '@jridgewell/resolve-uri@3.1.2':
    resolution: {integrity: sha512-bRISgCIjP20/tbWSPWMEi54QVPRZExkuD9lJL+UIxUKtwVJA8wW1Trb1jMs1RFXo1CBTNZ/5hpC9QvmKWdopKw==}
    engines: {node: '>=6.0.0'}

  '@jridgewell/sourcemap-codec@1.5.5':
    resolution: {integrity: sha512-cYQ9310grqxueWbl+WuIUIaiUaDcj7WOq5fVhEljNVgRfOUhY9fy2zTvfoqWsnebh8Sl70VScFbICvJnLKB0Og==}

  '@jridgewell/trace-mapping@0.3.31':
    resolution: {integrity: sha512-zzNR+SdQSDJzc8joaeP8QQoCQr8NuYx2dIIytl1QeBEZHJ9uW6hebsrYgbz8hJwUQao3TWCMtmfV8Nu1twOLAw==}

  '@napi-rs/wasm-runtime@1.1.6':
    resolution: {integrity: sha512-ZLv/JdUfkvOy9eCnnBaGfiO+XimbjebAeO+MRQqD/B+FR1tnRN0tpKSJHRbE8sFfS6aqsXZ67TQjfwfsxULVbg==}
    peerDependencies:
      '@emnapi/core': ^1.7.1
      '@emnapi/runtime': ^1.7.1

  '@oxc-project/types@0.137.0':
    resolution: {integrity: sha512-WT+Gb24i8hmvo85AIv2oEYouEXkRlKAlT9WaCa3TfLgNCN+GhrJOGZuIlMouAh38Qe4QOx26eUOVsq70qXrywA==}

  '@oxfmt/binding-android-arm-eabi@0.56.0':
    resolution: {integrity: sha512-CSCxi7ovYojgfdPOdUb9T508HKeAdDIKeRGg7x8IZwVJrWz9gVgX7MbUnFqtQAE4QvoNo07mj2JlwnOzJw4qqA==}
    engines: {node: ^20.19.0 || >=22.12.0}
    cpu: [arm]
    os: [android]

  '@oxfmt/binding-android-arm64@0.56.0':
    resolution: {integrity: sha512-HYJFnd+PkDwf6S9ZPGzXXtjNqvRWFnnhdbWaouh4mi/SxU8wmDuzlMn3xo/wDTGnr4Q1VA7ZzOaE/D4biW0W6A==}
    engines: {node: ^20.19.0 || >=22.12.0}
    cpu: [arm64]
    os: [android]

  '@oxfmt/binding-darwin-arm64@0.56.0':
    resolution: {integrity: sha512-sftR/bEOr+t1gs+evwsHi/Xbq2FAPA2uU3VMr8n6ZU9PoK/IMSfnfu7+OEe/uy1+knhrFl4Wvy7Vkm3uo9mJ7g==}
    engines: {node: ^20.19.0 || >=22.12.0}
    cpu: [arm64]
    os: [darwin]

  '@oxfmt/binding-darwin-x64@0.56.0':
    resolution: {integrity: sha512-z66SdjLqa3MUPKvTp3Mbb5nSjKSbnYxJGeB+Wx987s8T5hPcIRiBMfnJ6zcPgYtQn3x5xjvdzNVkXrSeYH6ZFg==}
    engines: {node: ^20.19.0 || >=22.12.0}
    cpu: [x64]
    os: [darwin]

  '@oxfmt/binding-freebsd-x64@0.56.0':
    resolution: {integrity: sha512-t2tkrV1vtZyaItSQ71dTi2ZVKZEI39b/LqLT12V5KMfIeXK6N32TUC1jhOXKVQmhECq9j2ZXMQV3JeT1kh9Vmg==}
    engines: {node: ^20.19.0 || >=22.12.0}
    cpu: [x64]
    os: [freebsd]

  '@oxfmt/binding-linux-arm-gnueabihf@0.56.0':
    resolution: {integrity: sha512-+gCy+Tp3RHeXQ9y/QrS76lXIpZkbziTyp6hIgjB2MssCwfMph3vG/GEfkhO34Rai1vhYIaUkvv8UT1BcDorJPw==}
    engines: {node: ^20.19.0 || >=22.12.0}
    cpu: [arm]
    os: [linux]

  '@oxfmt/binding-linux-arm-musleabihf@0.56.0':
    resolution: {integrity: sha512-0kKkVvQ2I+FJ2sxQyUu1zJ0yWP5kcWse/yVFnGQSFCXMwSSkfEaUGu0dW774O7nyy3jrcBGap7OSc8dZmU/CdA==}
    engines: {node: ^20.19.0 || >=22.12.0}
    cpu: [arm]
    os: [linux]

  '@oxfmt/binding-linux-arm64-gnu@0.56.0':
    resolution: {integrity: sha512-npkA2siMbyWRh+wEhi1aTAx4RirukGcGNt8V4Ch86pG+xU9aurqS1MZOnKYMu03ISwat3rB6zkQx51SsB9obNw==}
    engines: {node: ^20.19.0 || >=22.12.0}
    cpu: [arm64]
    os: [linux]
    libc: [glibc]

  '@oxfmt/binding-linux-arm64-musl@0.56.0':
    resolution: {integrity: sha512-UekqOjGkV4/MkqreCV9SPIB2jlR3/HbXrmhV1rVXJZ9wfDXMyCMriLtq3tHqLY4PkbVWNtfcm1kMojJ26KLSJw==}
    engines: {node: ^20.19.0 || >=22.12.0}
    cpu: [arm64]
    os: [linux]
    libc: [musl]

  '@oxfmt/binding-linux-ppc64-gnu@0.56.0':
    resolution: {integrity: sha512-XSzveSpeZMD5XJpew5lRFVtNnT04xd3rJxENXmk7wkZzN9oWzv2aFJyoNDhOtoz69BYaS/fg4SYl+CfEZRpB0Q==}
    engines: {node: ^20.19.0 || >=22.12.0}
    cpu: [ppc64]
    os: [linux]
    libc: [glibc]

  '@oxfmt/binding-linux-riscv64-gnu@0.56.0':
    resolution: {integrity: sha512-EkQ0nJa7k7HDDIVuPF7WY+k4k+bzdclLYtyIXNt7/OqVghfNiMym6YGppFBgx1XRIHW6QylxBz5OogumPjPJbQ==}
    engines: {node: ^20.19.0 || >=22.12.0}
    cpu: [riscv64]
    os: [linux]
    libc: [glibc]

  '@oxfmt/binding-linux-riscv64-musl@0.56.0':
    resolution: {integrity: sha512-dyjAGW8jKRge0ik6U/dgvQG0nVpA3iBlRskQTz5qJLvQWIrySxX5jpqzPetLBNIIZ231KA82fDdi1nLTk8ENCw==}
    engines: {node: ^20.19.0 || >=22.12.0}
    cpu: [riscv64]
    os: [linux]
    libc: [musl]

  '@oxfmt/binding-linux-s390x-gnu@0.56.0':
    resolution: {integrity: sha512-60ZGH3LtfqlW8X6vcLdSFY4lvCQYINurttYBKaALnHCDVAUCYJ1LsUgS6p1XOzVlzEDx3yNUZvDF1Lvt59zoZw==}
    engines: {node: ^20.19.0 || >=22.12.0}
    cpu: [s390x]
    os: [linux]
    libc: [glibc]

  '@oxfmt/binding-linux-x64-gnu@0.56.0':
    resolution: {integrity: sha512-u1suj1tgJHK4ZqB7buCtdbNef2n8+d0lXTPJwLHNmtyK6p+DTpsaoDvmqhQrA56fgKYv4LuRxNtL8YooebKOew==}
    engines: {node: ^20.19.0 || >=22.12.0}
    cpu: [x64]
    os: [linux]
    libc: [glibc]

  '@oxfmt/binding-linux-x64-musl@0.56.0':
    resolution: {integrity: sha512-aYGLvlQHt80y+qKEtfJY/Nm27G0125Lv+qyh9SJ4Cjc6lXnXjD+ndfhqQnbV24POpMi7rNRi0jvx/0d70FRpCQ==}
    engines: {node: ^20.19.0 || >=22.12.0}
    cpu: [x64]
    os: [linux]
    libc: [musl]

  '@oxfmt/binding-openharmony-arm64@0.56.0':
    resolution: {integrity: sha512-H/re/gO+7ysVc+kywHNuzY3C33EN9sQcZhg0kp1ZwOZl7y998ZE5mhnBiuGR/nYI0pqLL5xQfrHVUOJ/cIJsCA==}
    engines: {node: ^20.19.0 || >=22.12.0}
    cpu: [arm64]
    os: [openharmony]

  '@oxfmt/binding-win32-arm64-msvc@0.56.0':
    resolution: {integrity: sha512-6qLNXfXmtAs8jXDvYMkxk6Wec5SUJoew+ZX1uOZmqaR7ks0EJFbAohuOCELDyJMWyVlxotVG8Xf8m74Bfq0O2w==}
    engines: {node: ^20.19.0 || >=22.12.0}
    cpu: [arm64]
    os: [win32]

  '@oxfmt/binding-win32-ia32-msvc@0.56.0':
    resolution: {integrity: sha512-UXEXuKphAe15bsob4AswNMArCw38XSmUIs3wk1s6e6MX9OWGW/IRWU95s1hZDiVg09STy1jHgyN2qkqbu1FT0w==}
    engines: {node: ^20.19.0 || >=22.12.0}
    cpu: [ia32]
    os: [win32]

  '@oxfmt/binding-win32-x64-msvc@0.56.0':
    resolution: {integrity: sha512-HPyNDjky+NIOuaMvHZflR+kst3YWdUOH2JUQYkf99grqZ5mEBTQM6h9iGy501Z8Xt5xMScrwHOuVCOlqDrktRw==}
    engines: {node: ^20.19.0 || >=22.12.0}
    cpu: [x64]
    os: [win32]

  '@oxlint/binding-android-arm-eabi@1.71.0':
    resolution: {integrity: sha512-ImGmd1njEg4FEJH03jhRnveEegtO3czCtfptvaHivKAZQIYATbVFBrrzbaYMYv0oJioTnxZAZVSyV+oL7W8S2g==}
    engines: {node: ^20.19.0 || >=22.12.0}
    cpu: [arm]
    os: [android]

  '@oxlint/binding-android-arm64@1.71.0':
    resolution: {integrity: sha512-4A5BEexBrwY1YFF8Kiq/lp/wQPRG79G3BWIE1FuWaM5MvmpYSd+7ZySVcKkHdwo0UDzdQGddp6pD9mpctMqLnw==}
    engines: {node: ^20.19.0 || >=22.12.0}
    cpu: [arm64]
    os: [android]

  '@oxlint/binding-darwin-arm64@1.71.0':
    resolution: {integrity: sha512-9wJA9GJulLwS2usU3CEisI/ESDO1n1z9eyTCvApMDrAkbJ1ve0mORgTMjcWWsKxkzkeZ2N/Gpra5IQE7x8tYgQ==}
    engines: {node: ^20.19.0 || >=22.12.0}
    cpu: [arm64]
    os: [darwin]

  '@oxlint/binding-darwin-x64@1.71.0':
    resolution: {integrity: sha512-PlLCjS06V0PeJMAJwzjrExw1sYNW9Gch3JtNlcwwZDXGlTYDuwHNN89zYH8LTXFfgkVtsYvs2nv0FqrzyuFDzg==}
    engines: {node: ^20.19.0 || >=22.12.0}
    cpu: [x64]
    os: [darwin]

  '@oxlint/binding-freebsd-x64@1.71.0':
    resolution: {integrity: sha512-Lhil7bWre0ncxbUoDoxfS0JzpTz17BRQKW7iwoAUY8GJ66+WwJEfYPCFJ1P0WgVZR5/O/b3Q2pENlHOjeXLOGQ==}
    engines: {node: ^20.19.0 || >=22.12.0}
    cpu: [x64]
    os: [freebsd]

  '@oxlint/binding-linux-arm-gnueabihf@1.71.0':
    resolution: {integrity: sha512-Oo9/L58PYD3RC0x05d2upAPLllHytTjHQGsnC06P6Ynn7jKkp5mdImQxXdJ3+FnBaKspNpGogzgVsi6g872LiA==}
    engines: {node: ^20.19.0 || >=22.12.0}
    cpu: [arm]
    os: [linux]

  '@oxlint/binding-linux-arm-musleabihf@1.71.0':
    resolution: {integrity: sha512-mSHfyfgJrEbyIR29ejaeS50BdPk+GoNPlC1dckpDiUZbJAIel68sjSMdOt4WY0/gva+ECC7FNITQkxMJU+vSBw==}
    engines: {node: ^20.19.0 || >=22.12.0}
    cpu: [arm]
    os: [linux]

  '@oxlint/binding-linux-arm64-gnu@1.71.0':
    resolution: {integrity: sha512-n9yY4M2tiy3aij4AqtlnspzpfdpeT5JQfK2/w2d8oyp5W0FRwOb1dIeX99nORNcxGr08iD9bH8N5XFz3I2iy8w==}
    engines: {node: ^20.19.0 || >=22.12.0}
    cpu: [arm64]
    os: [linux]
    libc: [glibc]

  '@oxlint/binding-linux-arm64-musl@1.71.0':
    resolution: {integrity: sha512-fJZrs5sDZtTaPIOiemRQQmo82Ezy+vOGXemPc4Ok7iVVsYsFa7SlW6Z5XN819VfsqBHRm3NJ3rTdnR8+bJYJdQ==}
    engines: {node: ^20.19.0 || >=22.12.0}
    cpu: [arm64]
    os: [linux]
    libc: [musl]

  '@oxlint/binding-linux-ppc64-gnu@1.71.0':
    resolution: {integrity: sha512-cwl7VKGERIy9p+G+AvZdfy/06q0aHXaTt/mMRReC751iuNYJgqKjB7NydXSS30nBT9vtr2tunciOtrR4fD6FUA==}
    engines: {node: ^20.19.0 || >=22.12.0}
    cpu: [ppc64]
    os: [linux]
    libc: [glibc]

  '@oxlint/binding-linux-riscv64-gnu@1.71.0':
    resolution: {integrity: sha512-eZ8ieVXvzGi8jr7+ybQGPK2STw3mldfxZlgA2738iflfB/rzA69sE6m5rDRpQaxC7dpm745Enlh1Tod0QAk9Gg==}
    engines: {node: ^20.19.0 || >=22.12.0}
    cpu: [riscv64]
    os: [linux]
    libc: [glibc]

  '@oxlint/binding-linux-riscv64-musl@1.71.0':
    resolution: {integrity: sha512-puMDbQYe6+NXwfMusojoA7CXGn2b3utukmd23PQqc1E3XhVCwyZ+FueSMzDYeNgDV2dUfIVXAAKZBcFDeCL6sA==}
    engines: {node: ^20.19.0 || >=22.12.0}
    cpu: [riscv64]
    os: [linux]
    libc: [musl]

  '@oxlint/binding-linux-s390x-gnu@1.71.0':
    resolution: {integrity: sha512-4NJLxBs1ujISCt3L/1FcywLs73PWtJuw+piD6feK2V6h6OS6P7xu9/sWt1DTRLibe6QCzmfZzmM/2HPORoV/Lg==}
    engines: {node: ^20.19.0 || >=22.12.0}
    cpu: [s390x]
    os: [linux]
    libc: [glibc]

  '@oxlint/binding-linux-x64-gnu@1.71.0':
    resolution: {integrity: sha512-cFDaiR8L3430qp88tfZnvFlt3KotFhR/DlbIL0nHOMMYiG/9Wy4l+6f7t8G8pTa9bd8Lt8+M0y/qjRQ/xcB74g==}
    engines: {node: ^20.19.0 || >=22.12.0}
    cpu: [x64]
    os: [linux]
    libc: [glibc]

  '@oxlint/binding-linux-x64-musl@1.71.0':
    resolution: {integrity: sha512-orfixdt76KlpNly9z0PkWBBNfwjKz+JFVLP/7wnVchlKNU9Dpt9InU/ZggeSej6fC7qwHmHNOGlhLnQXcYoGuA==}
    engines: {node: ^20.19.0 || >=22.12.0}
    cpu: [x64]
    os: [linux]
    libc: [musl]

  '@oxlint/binding-openharmony-arm64@1.71.0':
    resolution: {integrity: sha512-9emQu2lAp6yhPB3XuI+++vR+l/o6JR1X+EpxwcumPdQXBWXEPAsquPGL7l158EqU8SebQMXTUa/S5zN98juyHw==}
    engines: {node: ^20.19.0 || >=22.12.0}
    cpu: [arm64]
    os: [openharmony]

  '@oxlint/binding-win32-arm64-msvc@1.71.0':
    resolution: {integrity: sha512-bd5kI8spYwTm3BILDtGhi73zoup5dw8MlPQNT8YB3BD5UIsjNe3K9/4ctrzQMX4SZMoK5HgzVLkLJzacEXB7fA==}
    engines: {node: ^20.19.0 || >=22.12.0}
    cpu: [arm64]
    os: [win32]

  '@oxlint/binding-win32-ia32-msvc@1.71.0':
    resolution: {integrity: sha512-W4HvOHGzVLHcrmFu+bMrJlho+/yrlX5ZNdJZqGe8MEldkQG+RHYhxxad9P4jvWAYFmIqUA5i9DQ8QsJqSU9GIw==}
    engines: {node: ^20.19.0 || >=22.12.0}
    cpu: [ia32]
    os: [win32]

  '@oxlint/binding-win32-x64-msvc@1.71.0':
    resolution: {integrity: sha512-D2kyEIPHk/G/wiZLnwTVC/sVst+T/lKldVOjAFpgTIBUAOlry72e5OiapDbDBF4LfJLkN5ypJb/8Eu6yJzkveQ==}
    engines: {node: ^20.19.0 || >=22.12.0}
    cpu: [x64]
    os: [win32]

  '@quansync/fs@1.0.0':
    resolution: {integrity: sha512-4TJ3DFtlf1L5LDMaM6CanJ/0lckGNtJcMjQ1NAV6zDmA0tEHKZtxNKin8EgPaVX1YzljbxckyT2tJrpQKAtngQ==}

  '@rolldown/binding-android-arm64@1.1.3':
    resolution: {integrity: sha512-DT6Z3PhvioeHMvxo+xHc3KtqggrI7CCTXCmC2h/5zUlp5jVitv7XEy+9q5/7v8IolhlioawpMo8Kg0EEBy7J0g==}
    engines: {node: ^20.19.0 || >=22.12.0}
    cpu: [arm64]
    os: [android]

  '@rolldown/binding-darwin-arm64@1.1.3':
    resolution: {integrity: sha512-0NwgwsjM7LrsuVnXMK3koTpagBNOhloc/BNjKqZjv4V5zI5r13qx69uVhRx+o5Z0yy4Hzq+lpy7TAgUG/ocvrw==}
    engines: {node: ^20.19.0 || >=22.12.0}
    cpu: [arm64]
    os: [darwin]

  '@rolldown/binding-darwin-x64@1.1.3':
    resolution: {integrity: sha512-YtiBp4disu6V560loT6PjMdiRaWmVvDNrUunAalbiFx2ggeJwxdAsgZMcoGP17uyAsTwAj5V1niksxlHnVQ1Sw==}
    engines: {node: ^20.19.0 || >=22.12.0}
    cpu: [x64]
    os: [darwin]

  '@rolldown/binding-freebsd-x64@1.1.3':
    resolution: {integrity: sha512-yD3EkEdXk2LypPxnf/kSZHirarsI8gcPzc62SukhR9VJTyvV+F9Q/GxWNuCojc7sXyuVC4DxRGhdDK4X8VSsbw==}
    engines: {node: ^20.19.0 || >=22.12.0}
    cpu: [x64]
    os: [freebsd]

  '@rolldown/binding-linux-arm-gnueabihf@1.1.3':
    resolution: {integrity: sha512-c+8vieQbsD7HNAHKIA34w0GJ9FedFFuJGD+7E6vz7Q3uqAIugL5p45fhlsj4UaAsHpcmlqugBWMhA0/j7o0sIg==}
    engines: {node: ^20.19.0 || >=22.12.0}
    cpu: [arm]
    os: [linux]

  '@rolldown/binding-linux-arm64-gnu@1.1.3':
    resolution: {integrity: sha512-50jD0uUwLvur7Zz9LHz17kaAdTPjn5wN93hEgjvmYFRZwiR7ZJYovTd5ipyWJDAnXKvZ+wgc+/Ika6dwSF5OcA==}
    engines: {node: ^20.19.0 || >=22.12.0}
    cpu: [arm64]
    os: [linux]
    libc: [glibc]

  '@rolldown/binding-linux-arm64-musl@1.1.3':
    resolution: {integrity: sha512-BO9+oPL8K9poZJBfYPsXNtYjPE5uM3qeehT3aFcW4LITOl+iSqhp0abzjR2nWBUNjIZeKXjAEWBZ64WjNoHd6w==}
    engines: {node: ^20.19.0 || >=22.12.0}
    cpu: [arm64]
    os: [linux]
    libc: [musl]

  '@rolldown/binding-linux-ppc64-gnu@1.1.3':
    resolution: {integrity: sha512-f3VpLB1vQ0Eo6ecr/6cekLnvYMFF4YBFoVGkfkvPLq1bAkbAwHYQPZKoAmG6OJyTcxxoC+AvezGx/S1obNC0Mw==}
    engines: {node: ^20.19.0 || >=22.12.0}
    cpu: [ppc64]
    os: [linux]
    libc: [glibc]

  '@rolldown/binding-linux-s390x-gnu@1.1.3':
    resolution: {integrity: sha512-AmurZ26Pqx/RI9N1gzEOCklkKXl927yjfXWUUS0O7Puh8ARM/Ob8qfrD3qnWksScdw6cSrW5PSHE9DyLu7+PtA==}
    engines: {node: ^20.19.0 || >=22.12.0}
    cpu: [s390x]
    os: [linux]
    libc: [glibc]

  '@rolldown/binding-linux-x64-gnu@1.1.3':
    resolution: {integrity: sha512-JJpqs8bRGITDOdbkNKnlojzBabbOHrqjSvDr0IVsZObE1lBcPjxItUEY9eWIDbxaJ3cGrXPWGfGkIxFijg/URg==}
    engines: {node: ^20.19.0 || >=22.12.0}
    cpu: [x64]
    os: [linux]
    libc: [glibc]

  '@rolldown/binding-linux-x64-musl@1.1.3':
    resolution: {integrity: sha512-rSJcdjPxzA/by/6/rYs+v+bXU7UjvnbUWz8MJb6kh6+knqB1dCrtHg0uu7C/4haqJvqdkYHQ5IGn+tCH9GLW/g==}
    engines: {node: ^20.19.0 || >=22.12.0}
    cpu: [x64]
    os: [linux]
    libc: [musl]

  '@rolldown/binding-openharmony-arm64@1.1.3':
    resolution: {integrity: sha512-hQ3/PYkDJICgevvyNcVrihVeqq7k1Pp3VZ9lY+dauAYUJKO+auqApvANhvR1An9BhmqYKvW2Mu1F9u4DXSMLxQ==}
    engines: {node: ^20.19.0 || >=22.12.0}
    cpu: [arm64]
    os: [openharmony]

  '@rolldown/binding-wasm32-wasi@1.1.3':
    resolution: {integrity: sha512-Elcv/BtML9lXrV6JuKITc/grN2kYV9gjsQpW8Jfw4ioK0TOkjBjye0nnyqQNy9STNaI20lXNaQBRrD5gSgR0Yg==}
    engines: {node: ^20.19.0 || >=22.12.0}
    cpu: [wasm32]

  '@rolldown/binding-win32-arm64-msvc@1.1.3':
    resolution: {integrity: sha512-2DrEfhluH9yhiaFApmsjsjwrSYbNcY1oFTzYSP1a535jDbV98zCFanA/96TBUd0iDFcxGmw9QRExwGCXz3U+/g==}
    engines: {node: ^20.19.0 || >=22.12.0}
    cpu: [arm64]
    os: [win32]

  '@rolldown/binding-win32-x64-msvc@1.1.3':
    resolution: {integrity: sha512-OL4OMk7UPXOeVGGd3qo5zJyPIljf4AFgk5QAkPPS+OoLuOOozhuaQGC18MxVTnw/06q93gShAJzlwnSCY9YtqA==}
    engines: {node: ^20.19.0 || >=22.12.0}
    cpu: [x64]
    os: [win32]

  '@rolldown/pluginutils@1.0.1':
    resolution: {integrity: sha512-2j9bGt5Jh8hj+vPtgzPtl72j0yRxHAyumoo6TNfAjsLB04UtpSvPbPcDcBMxz7n+9CYB0c1GxQFxYRg2jimqGw==}

  '@tybys/wasm-util@0.10.3':
    resolution: {integrity: sha512-F3fo1MYrRJYL3zER0OUOmkutjr1Vp23m7OsSgp7nq4SP6OqX6C/56XFIPAl5bt3zaBRjmW7SGz3u/6LwFpYcOg==}

  '@types/estree@1.0.9':
    resolution: {integrity: sha512-GhdPgy1el4/ImP05X05Uw4cw2/M93BCUmnEvWZNStlCzEKME4Fkk+YpoA5OiHNQmoS7Cafb8Xa3Pya8m1Qrzeg==}

  '@types/jsesc@2.5.1':
    resolution: {integrity: sha512-9VN+6yxLOPLOav+7PwjZbxiID2bVaeq0ED4qSQmdQTdjnXJSaCVKTR58t15oqH1H5t8Ng2ZX1SabJVoN9Q34bw==}

  ansis@4.3.1:
    resolution: {integrity: sha512-BJ8/l4R5LRE7hW9WdSuGYrLSHi2ynxeFpDFbH0K/CgNeY/tyhk+vO6TYxXC5r5CpUhNVX310xzPsN/H9lCdfOA==}
    engines: {node: '>=14'}

  ast-kit@3.0.0:
    resolution: {integrity: sha512-8OG92q3R35qjC/4i6BLBMg8IB+fClWu/1PEwg2Z9Rn+BuNaiEgJzpzn+pxWOdHJWDCAwu2JP0wCDTozAM4QirQ==}
    engines: {node: ^22.18.0 || >=24.11.0}

  birpc@4.0.0:
    resolution: {integrity: sha512-LShSxJP0KTmd101b6DRyGBj57LZxSDYWKitQNW/mi8GRMvZb078Uf9+pveax1DrVL89vm7mWe+TovdI/UDOuPw==}

  cac@7.0.0:
    resolution: {integrity: sha512-tixWYgm5ZoOD+3g6UTea91eow5z6AAHaho3g0V9CNSNb45gM8SmflpAc+GRd1InC4AqN/07Unrgp56Y94N9hJQ==}
    engines: {node: '>=20.19.0'}

  defu@6.1.7:
    resolution: {integrity: sha512-7z22QmUWiQ/2d0KkdYmANbRUVABpZ9SNYyH5vx6PZ+nE5bcC0l7uFvEfHlyld/HcGBFTL536ClDt3DEcSlEJAQ==}

  dts-resolver@3.0.0:
    resolution: {integrity: sha512-1T1f+z+4tl9XD+m+0HBgWoL/nm0bOIffyWaUuUSBlFg/86IWvfx+wjNaO/ybU0AJzG9/Mi5hBUgGV6zCmWEN7Q==}
    engines: {node: ^22.18.0 || >=24.0.0}
    peerDependencies:
      oxc-resolver: '>=11.0.0'
    peerDependenciesMeta:
      oxc-resolver:
        optional: true

  empathic@2.0.1:
    resolution: {integrity: sha512-YGRs8knHhKHVShLkFET/rWAU8kmHbOV5LwN938RHI0pljAJ1Gf6SzXsSmRaEzcXTtOOmVqJ5+WtQPL5uigY50Q==}
    engines: {node: '>=14'}

  estree-walker@3.0.3:
    resolution: {integrity: sha512-7RUKfXgSMMkzt6ZuXmqapOurLGPPfgj6l9uRZ7lRGolvk0y2yocc35LdcxKC5PQZdn2DMqioAQ2NoWcrTKmm6g==}

  fdir@6.5.0:
    resolution: {integrity: sha512-tIbYtZbucOs0BRGqPJkshJUYdL+SDH7dVM8gjy+ERp3WAUjLEFJE+02kanyHtwjWOnwrKYBiwAmM0p4kLJAnXg==}
    engines: {node: '>=12.0.0'}
    peerDependencies:
      picomatch: ^3 || ^4
    peerDependenciesMeta:
      picomatch:
        optional: true

  get-tsconfig@5.0.0-beta.5:
    resolution: {integrity: sha512-/6gFNr0N04nob252sTQxyFLi3eKFRqIg1I87YcqAMT1i6SQrSF6KujUEQrtrjMV0H/eejTCltLdDSTEMzHbnsQ==}
    engines: {node: '>=20.20.0'}

  hookable@6.1.1:
    resolution: {integrity: sha512-U9LYDy1CwhMCnprUfeAZWZGByVbhd54hwepegYTK7Pi5NvqEj63ifz5z+xukznehT7i6NIZRu89Ay1AZmRsLEQ==}

  import-without-cache@0.4.0:
    resolution: {integrity: sha512-NkJQA7oZ4YHQhd2+H3BoRFKF3d/XNsiKpHZCQEMH9pDX27hQQLsTyOocyRgaIVtf8gHX3Nt3LPkR4e5EdtPAGQ==}
    engines: {node: ^22.18.0 || >=24.0.0}

  jsesc@3.1.0:
    resolution: {integrity: sha512-/sM3dO2FOzXjKQhJuo0Q173wf2KOo8t4I8vHy6lF9poUp7bKT0/NHE8fPX23PwfhnykfqnC2xRxOnVw5XuGIaA==}
    engines: {node: '>=6'}
    hasBin: true

  obug@2.1.3:
    resolution: {integrity: sha512-9miFgM2OFba7hB+pRgvtV84pYTBaoTHohvmIgiRt6dRIzbwEOIaNaP+dIlGs2fNFoB0SeISs0Jz5WFVRid6Xyg==}
    engines: {node: '>=12.20.0'}

  oxfmt@0.56.0:
    resolution: {integrity: sha512-9Dv0wV3zKiyvhjD7bRKaInKmHQ1sPx3RGOjQkGFJbbdQ16576yf8qhMSO9Q9cvHcs+1NpBsRTkuDDYFFPTJ6gw==}
    engines: {node: ^20.19.0 || >=22.12.0}
    hasBin: true
    peerDependencies:
      svelte: ^5.0.0
      vite-plus: '*'
    peerDependenciesMeta:
      svelte:
        optional: true
      vite-plus:
        optional: true

  oxlint@1.71.0:
    resolution: {integrity: sha512-U1m1X+C0vDj7DC1e13IoZULzEcPczE7UOMTs8VlZGHUEIUaSTZKo5qkPsQEfzpgnQ29Pea/w3Xntk62UCecxZw==}
    engines: {node: ^20.19.0 || >=22.12.0}
    hasBin: true
    peerDependencies:
      oxlint-tsgolint: '>=0.22.1'
      vite-plus: '*'
    peerDependenciesMeta:
      oxlint-tsgolint:
        optional: true
      vite-plus:
        optional: true

  pathe@2.0.3:
    resolution: {integrity: sha512-WUjGcAqP1gQacoQe+OBJsFA7Ld4DyXuUIjZ5cc75cLHvJ7dtNsTugphxIADwspS+AraAUePCKrSVtPLFj/F88w==}

  picomatch@4.0.4:
    resolution: {integrity: sha512-QP88BAKvMam/3NxH6vj2o21R6MjxZUAd6nlwAS/pnGvN9IVLocLHxGYIzFhg6fUQ+5th6P4dv4eW9jX3DSIj7A==}
    engines: {node: '>=12'}

  quansync@1.0.0:
    resolution: {integrity: sha512-5xZacEEufv3HSTPQuchrvV6soaiACMFnq1H8wkVioctoH3TRha9Sz66lOxRwPK/qZj7HPiSveih9yAyh98gvqA==}

  resolve-pkg-maps@1.0.0:
    resolution: {integrity: sha512-seS2Tj26TBVOC2NIc2rOe2y2ZO7efxITtLZcGSOnHHNOQ7CkiUBfw0Iw2ck6xkIhPwLhKNLS8BO+hEpngQlqzw==}

  rolldown-plugin-dts@0.26.0:
    resolution: {integrity: sha512-e+kEPtUiDES0htk5iqkSeF4EzAV7R+vugGB44iPDuw1Kw9E+WyL1VG7PaV0IIjGHLiacztMBcMTyrr8ON9CT1Q==}
    engines: {node: ^22.18.0 || >=24.11.0}
    peerDependencies:
      '@ts-macro/tsc': ^0.3.6
      '@typescript/native-preview': '>=7.0.0-dev.20260325.1'
      rolldown: ^1.0.0
      typescript: ^5.0.0 || ^6.0.0
      vue-tsc: ~3.2.0 || ~3.3.0
    peerDependenciesMeta:
      '@ts-macro/tsc':
        optional: true
      '@typescript/native-preview':
        optional: true
      typescript:
        optional: true
      vue-tsc:
        optional: true

  rolldown@1.1.3:
    resolution: {integrity: sha512-1F1eEtUBtFvcGm1HQ9TiUIUHPQG7mSAODrhIzjxoUEFuo8OcbrGLiVLkevNgj84TE4lnHvnumwFjhJO5Eu135g==}
    engines: {node: ^20.19.0 || >=22.12.0}
    hasBin: true

  semver@7.8.5:
    resolution: {integrity: sha512-Y7/KDsb8LjooZpwaqGyulO6DQlksgCncchHGk+sZIY4SBvUocMBEFH5Ur1fI4dV+Jvl0w6cjvucaIi40puRioA==}
    engines: {node: '>=10'}
    hasBin: true

  tinyexec@1.2.4:
    resolution: {integrity: sha512-SHf/r48b7vOrjve9PxJo3MN5v5yuyjHvdUcrQffT3WXMUfnGmHDVbC4k3sHJaJTgZCwpUplIaAo5ANtMyp3YHg==}
    engines: {node: '>=18'}

  tinyglobby@0.2.17:
    resolution: {integrity: sha512-wXR/dYpcqKmfWpEdZjiKJOwCNFndD0DMnrW/cYjVGttEkBfVgcLFHoNrlj47mjOVic9yyNu65alsgF4NQyTa2g==}
    engines: {node: '>=12.0.0'}

  tinypool@2.1.0:
    resolution: {integrity: sha512-Pugqs6M0m7Lv1I7FtxN4aoyToKg1C4tu+/381vH35y8oENM/Ai7f7C4StcoK4/+BSw9ebcS8jRiVrORFKCALLw==}
    engines: {node: ^20.0.0 || >=22.0.0}

  tree-kill@1.2.2:
    resolution: {integrity: sha512-L0Orpi8qGpRG//Nd+H90vFB+3iHnue1zSSGmNOOCh1GLJ7rUKVwV2HvijphGQS2UmhUZewS9VgvxYIdgr+fG1A==}
    hasBin: true

  tsdown@0.22.3:
    resolution: {integrity: sha512-louqbfA8Qf//B9jTTL0FPtXTNpjCWv1VPkbcmQMph2pTpzs+LnB1tbe4tDDRVpo2BjF5SgUXaTZe45SxB8pWHg==}
    engines: {node: ^22.18.0 || >=24.11.0}
    hasBin: true
    peerDependencies:
      '@arethetypeswrong/core': ^0.18.1
      '@tsdown/css': 0.22.3
      '@tsdown/exe': 0.22.3
      '@vitejs/devtools': '*'
      publint: ^0.3.8
      tsx: '*'
      typescript: ^5.0.0 || ^6.0.0
      unplugin-unused: ^0.5.0
      unrun: '*'
    peerDependenciesMeta:
      '@arethetypeswrong/core':
        optional: true
      '@tsdown/css':
        optional: true
      '@tsdown/exe':
        optional: true
      '@vitejs/devtools':
        optional: true
      publint:
        optional: true
      tsx:
        optional: true
      typescript:
        optional: true
      unplugin-unused:
        optional: true
      unrun:
        optional: true

  tslib@2.8.1:
    resolution: {integrity: sha512-oJFu94HQb+KVduSUQL7wnpmqnfmLsOA/nAh6b6EH0wCEoK0/mPeXU6c3wKDV83MkOuHPRHtSXKKU99IBazS/2w==}

  typescript@6.0.3:
    resolution: {integrity: sha512-y2TvuxSZPDyQakkFRPZHKFm+KKVqIisdg9/CZwm9ftvKXLP8NRWj38/ODjNbr43SsoXqNuAisEf1GdCxqWcdBw==}
    engines: {node: '>=14.17'}
    hasBin: true

  unconfig-core@7.5.0:
    resolution: {integrity: sha512-Su3FauozOGP44ZmKdHy2oE6LPjk51M/TRRjHv2HNCWiDvfvCoxC2lno6jevMA91MYAdCdwP05QnWdWpSbncX/w==}

snapshots:

  '@babel/generator@8.0.0':
    dependencies:
      '@babel/parser': 8.0.0
      '@babel/types': 8.0.0
      '@jridgewell/gen-mapping': 0.3.13
      '@jridgewell/trace-mapping': 0.3.31
      '@types/jsesc': 2.5.1
      jsesc: 3.1.0

  '@babel/helper-string-parser@8.0.0': {}

  '@babel/helper-validator-identifier@8.0.2': {}

  '@babel/parser@8.0.0':
    dependencies:
      '@babel/types': 8.0.0

  '@babel/types@8.0.0':
    dependencies:
      '@babel/helper-string-parser': 8.0.0
      '@babel/helper-validator-identifier': 8.0.2

  '@emnapi/core@1.11.1':
    dependencies:
      '@emnapi/wasi-threads': 1.2.2
      tslib: 2.8.1
    optional: true

  '@emnapi/runtime@1.11.1':
    dependencies:
      tslib: 2.8.1
    optional: true

  '@emnapi/wasi-threads@1.2.2':
    dependencies:
      tslib: 2.8.1
    optional: true

  '@jridgewell/gen-mapping@0.3.13':
    dependencies:
      '@jridgewell/sourcemap-codec': 1.5.5
      '@jridgewell/trace-mapping': 0.3.31

  '@jridgewell/resolve-uri@3.1.2': {}

  '@jridgewell/sourcemap-codec@1.5.5': {}

  '@jridgewell/trace-mapping@0.3.31':
    dependencies:
      '@jridgewell/resolve-uri': 3.1.2
      '@jridgewell/sourcemap-codec': 1.5.5

  '@napi-rs/wasm-runtime@1.1.6(@emnapi/core@1.11.1)(@emnapi/runtime@1.11.1)':
    dependencies:
      '@emnapi/core': 1.11.1
      '@emnapi/runtime': 1.11.1
      '@tybys/wasm-util': 0.10.3
    optional: true

  '@oxc-project/types@0.137.0': {}

  '@oxfmt/binding-android-arm-eabi@0.56.0':
    optional: true

  '@oxfmt/binding-android-arm64@0.56.0':
    optional: true

  '@oxfmt/binding-darwin-arm64@0.56.0':
    optional: true

  '@oxfmt/binding-darwin-x64@0.56.0':
    optional: true

  '@oxfmt/binding-freebsd-x64@0.56.0':
    optional: true

  '@oxfmt/binding-linux-arm-gnueabihf@0.56.0':
    optional: true

  '@oxfmt/binding-linux-arm-musleabihf@0.56.0':
    optional: true

  '@oxfmt/binding-linux-arm64-gnu@0.56.0':
    optional: true

  '@oxfmt/binding-linux-arm64-musl@0.56.0':
    optional: true

  '@oxfmt/binding-linux-ppc64-gnu@0.56.0':
    optional: true

  '@oxfmt/binding-linux-riscv64-gnu@0.56.0':
    optional: true

  '@oxfmt/binding-linux-riscv64-musl@0.56.0':
    optional: true

  '@oxfmt/binding-linux-s390x-gnu@0.56.0':
    optional: true

  '@oxfmt/binding-linux-x64-gnu@0.56.0':
    optional: true

  '@oxfmt/binding-linux-x64-musl@0.56.0':
    optional: true

  '@oxfmt/binding-openharmony-arm64@0.56.0':
    optional: true

  '@oxfmt/binding-win32-arm64-msvc@0.56.0':
    optional: true

  '@oxfmt/binding-win32-ia32-msvc@0.56.0':
    optional: true

  '@oxfmt/binding-win32-x64-msvc@0.56.0':
    optional: true

  '@oxlint/binding-android-arm-eabi@1.71.0':
    optional: true

  '@oxlint/binding-android-arm64@1.71.0':
    optional: true

  '@oxlint/binding-darwin-arm64@1.71.0':
    optional: true

  '@oxlint/binding-darwin-x64@1.71.0':
    optional: true

  '@oxlint/binding-freebsd-x64@1.71.0':
    optional: true

  '@oxlint/binding-linux-arm-gnueabihf@1.71.0':
    optional: true

  '@oxlint/binding-linux-arm-musleabihf@1.71.0':
    optional: true

  '@oxlint/binding-linux-arm64-gnu@1.71.0':
    optional: true

  '@oxlint/binding-linux-arm64-musl@1.71.0':
    optional: true

  '@oxlint/binding-linux-ppc64-gnu@1.71.0':
    optional: true

  '@oxlint/binding-linux-riscv64-gnu@1.71.0':
    optional: true

  '@oxlint/binding-linux-riscv64-musl@1.71.0':
    optional: true

  '@oxlint/binding-linux-s390x-gnu@1.71.0':
    optional: true

  '@oxlint/binding-linux-x64-gnu@1.71.0':
    optional: true

  '@oxlint/binding-linux-x64-musl@1.71.0':
    optional: true

  '@oxlint/binding-openharmony-arm64@1.71.0':
    optional: true

  '@oxlint/binding-win32-arm64-msvc@1.71.0':
    optional: true

  '@oxlint/binding-win32-ia32-msvc@1.71.0':
    optional: true

  '@oxlint/binding-win32-x64-msvc@1.71.0':
    optional: true

  '@quansync/fs@1.0.0':
    dependencies:
      quansync: 1.0.0

  '@rolldown/binding-android-arm64@1.1.3':
    optional: true

  '@rolldown/binding-darwin-arm64@1.1.3':
    optional: true

  '@rolldown/binding-darwin-x64@1.1.3':
    optional: true

  '@rolldown/binding-freebsd-x64@1.1.3':
    optional: true

  '@rolldown/binding-linux-arm-gnueabihf@1.1.3':
    optional: true

  '@rolldown/binding-linux-arm64-gnu@1.1.3':
    optional: true

  '@rolldown/binding-linux-arm64-musl@1.1.3':
    optional: true

  '@rolldown/binding-linux-ppc64-gnu@1.1.3':
    optional: true

  '@rolldown/binding-linux-s390x-gnu@1.1.3':
    optional: true

  '@rolldown/binding-linux-x64-gnu@1.1.3':
    optional: true

  '@rolldown/binding-linux-x64-musl@1.1.3':
    optional: true

  '@rolldown/binding-openharmony-arm64@1.1.3':
    optional: true

  '@rolldown/binding-wasm32-wasi@1.1.3':
    dependencies:
      '@emnapi/core': 1.11.1
      '@emnapi/runtime': 1.11.1
      '@napi-rs/wasm-runtime': 1.1.6(@emnapi/core@1.11.1)(@emnapi/runtime@1.11.1)
    optional: true

  '@rolldown/binding-win32-arm64-msvc@1.1.3':
    optional: true

  '@rolldown/binding-win32-x64-msvc@1.1.3':
    optional: true

  '@rolldown/pluginutils@1.0.1': {}

  '@tybys/wasm-util@0.10.3':
    dependencies:
      tslib: 2.8.1
    optional: true

  '@types/estree@1.0.9': {}

  '@types/jsesc@2.5.1': {}

  ansis@4.3.1: {}

  ast-kit@3.0.0:
    dependencies:
      '@babel/parser': 8.0.0
      estree-walker: 3.0.3
      pathe: 2.0.3

  birpc@4.0.0: {}

  cac@7.0.0: {}

  defu@6.1.7: {}

  dts-resolver@3.0.0: {}

  empathic@2.0.1: {}

  estree-walker@3.0.3:
    dependencies:
      '@types/estree': 1.0.9

  fdir@6.5.0(picomatch@4.0.4):
    optionalDependencies:
      picomatch: 4.0.4

  get-tsconfig@5.0.0-beta.5:
    dependencies:
      resolve-pkg-maps: 1.0.0

  hookable@6.1.1: {}

  import-without-cache@0.4.0: {}

  jsesc@3.1.0: {}

  obug@2.1.3: {}

  oxfmt@0.56.0:
    dependencies:
      tinypool: 2.1.0
    optionalDependencies:
      '@oxfmt/binding-android-arm-eabi': 0.56.0
      '@oxfmt/binding-android-arm64': 0.56.0
      '@oxfmt/binding-darwin-arm64': 0.56.0
      '@oxfmt/binding-darwin-x64': 0.56.0
      '@oxfmt/binding-freebsd-x64': 0.56.0
      '@oxfmt/binding-linux-arm-gnueabihf': 0.56.0
      '@oxfmt/binding-linux-arm-musleabihf': 0.56.0
      '@oxfmt/binding-linux-arm64-gnu': 0.56.0
      '@oxfmt/binding-linux-arm64-musl': 0.56.0
      '@oxfmt/binding-linux-ppc64-gnu': 0.56.0
      '@oxfmt/binding-linux-riscv64-gnu': 0.56.0
      '@oxfmt/binding-linux-riscv64-musl': 0.56.0
      '@oxfmt/binding-linux-s390x-gnu': 0.56.0
      '@oxfmt/binding-linux-x64-gnu': 0.56.0
      '@oxfmt/binding-linux-x64-musl': 0.56.0
      '@oxfmt/binding-openharmony-arm64': 0.56.0
      '@oxfmt/binding-win32-arm64-msvc': 0.56.0
      '@oxfmt/binding-win32-ia32-msvc': 0.56.0
      '@oxfmt/binding-win32-x64-msvc': 0.56.0

  oxlint@1.71.0:
    optionalDependencies:
      '@oxlint/binding-android-arm-eabi': 1.71.0
      '@oxlint/binding-android-arm64': 1.71.0
      '@oxlint/binding-darwin-arm64': 1.71.0
      '@oxlint/binding-darwin-x64': 1.71.0
      '@oxlint/binding-freebsd-x64': 1.71.0
      '@oxlint/binding-linux-arm-gnueabihf': 1.71.0
      '@oxlint/binding-linux-arm-musleabihf': 1.71.0
      '@oxlint/binding-linux-arm64-gnu': 1.71.0
      '@oxlint/binding-linux-arm64-musl': 1.71.0
      '@oxlint/binding-linux-ppc64-gnu': 1.71.0
      '@oxlint/binding-linux-riscv64-gnu': 1.71.0
      '@oxlint/binding-linux-riscv64-musl': 1.71.0
      '@oxlint/binding-linux-s390x-gnu': 1.71.0
      '@oxlint/binding-linux-x64-gnu': 1.71.0
      '@oxlint/binding-linux-x64-musl': 1.71.0
      '@oxlint/binding-openharmony-arm64': 1.71.0
      '@oxlint/binding-win32-arm64-msvc': 1.71.0
      '@oxlint/binding-win32-ia32-msvc': 1.71.0
      '@oxlint/binding-win32-x64-msvc': 1.71.0

  pathe@2.0.3: {}

  picomatch@4.0.4: {}

  quansync@1.0.0: {}

  resolve-pkg-maps@1.0.0: {}

  rolldown-plugin-dts@0.26.0(rolldown@1.1.3)(typescript@6.0.3):
    dependencies:
      '@babel/generator': 8.0.0
      '@babel/helper-validator-identifier': 8.0.2
      '@babel/parser': 8.0.0
      ast-kit: 3.0.0
      birpc: 4.0.0
      dts-resolver: 3.0.0
      get-tsconfig: 5.0.0-beta.5
      obug: 2.1.3
      rolldown: 1.1.3
    optionalDependencies:
      typescript: 6.0.3
    transitivePeerDependencies:
      - oxc-resolver

  rolldown@1.1.3:
    dependencies:
      '@oxc-project/types': 0.137.0
      '@rolldown/pluginutils': 1.0.1
    optionalDependencies:
      '@rolldown/binding-android-arm64': 1.1.3
      '@rolldown/binding-darwin-arm64': 1.1.3
      '@rolldown/binding-darwin-x64': 1.1.3
      '@rolldown/binding-freebsd-x64': 1.1.3
      '@rolldown/binding-linux-arm-gnueabihf': 1.1.3
      '@rolldown/binding-linux-arm64-gnu': 1.1.3
      '@rolldown/binding-linux-arm64-musl': 1.1.3
      '@rolldown/binding-linux-ppc64-gnu': 1.1.3
      '@rolldown/binding-linux-s390x-gnu': 1.1.3
      '@rolldown/binding-linux-x64-gnu': 1.1.3
      '@rolldown/binding-linux-x64-musl': 1.1.3
      '@rolldown/binding-openharmony-arm64': 1.1.3
      '@rolldown/binding-wasm32-wasi': 1.1.3
      '@rolldown/binding-win32-arm64-msvc': 1.1.3
      '@rolldown/binding-win32-x64-msvc': 1.1.3

  semver@7.8.5: {}

  tinyexec@1.2.4: {}

  tinyglobby@0.2.17:
    dependencies:
      fdir: 6.5.0(picomatch@4.0.4)
      picomatch: 4.0.4

  tinypool@2.1.0: {}

  tree-kill@1.2.2: {}

  tsdown@0.22.3(typescript@6.0.3):
    dependencies:
      ansis: 4.3.1
      cac: 7.0.0
      defu: 6.1.7
      empathic: 2.0.1
      hookable: 6.1.1
      import-without-cache: 0.4.0
      obug: 2.1.3
      picomatch: 4.0.4
      rolldown: 1.1.3
      rolldown-plugin-dts: 0.26.0(rolldown@1.1.3)(typescript@6.0.3)
      semver: 7.8.5
      tinyexec: 1.2.4
      tinyglobby: 0.2.17
      tree-kill: 1.2.2
      unconfig-core: 7.5.0
    optionalDependencies:
      typescript: 6.0.3
    transitivePeerDependencies:
      - '@ts-macro/tsc'
      - '@typescript/native-preview'
      - oxc-resolver
      - vue-tsc

  tslib@2.8.1:
    optional: true

  typescript@6.0.3: {}

  unconfig-core@7.5.0:
    dependencies:
      '@quansync/fs': 1.0.0
      quansync: 1.0.0
